
Microsoft Visual Studio Solution File, Format Version 12.00
# Visual Studio Version 17
VisualStudioVersion = 17.1.32210.238
MinimumVisualStudioVersion = 10.0.40219.1
Project("{FAE04EC0-301F-11D3-BF4B-00C04F79EFBC}") = "Exam", "Exam\Exam.csproj", "{20A459C6-D1D4-4338-8695-4CEE17E4C66D}"
EndProject
Global
	GlobalSection(SolutionConfigurationPlatforms) = preSolution
		Debug|Any CPU = Debug|Any CPU
		Release|Any CPU = Release|Any CPU
	EndGlobalSection
	GlobalSection(ProjectConfigurationPlatforms) = postSolution
		{20A459C6-D1D4-4338-8695-4CEE17E4C66D}.Debug|Any CPU.ActiveCfg = Debug|Any CPU
		{20A459C6-D1D4-4338-8695-4CEE17E4C66D}.Debug|Any CPU.Build.0 = Debug|Any CPU
		{20A459C6-D1D4-4338-8695-4CEE17E4C66D}.Release|Any CPU.ActiveCfg = Release|Any CPU
		{20A459C6-D1D4-4338-8695-4CEE17E4C66D}.Release|Any CPU.Build.0 = Release|Any CPU
	EndGlobalSection
	GlobalSection(SolutionProperties) = preSolution
		HideSolutionNode = FALSE
	EndGlobalSection
	GlobalSection(ExtensibilityGlobals) = postSolution
		SolutionGuid = {5BB0635E-0279-4D9B-94E3-73D2E59296BC}
	EndGlobalSection
EndGlobal
